
Microsoft Visual Studio Solution File, Format Version 12.00
# Visual Studio Version 16
VisualStudioVersion = 16.0.31205.134
MinimumVisualStudioVersion = 10.0.40219.1
Project("{FAE04EC0-301F-11D3-BF4B-00C04F79EFBC}") = "SimpleCoding", "SimpleCoding\SimpleCoding.csproj", "{21C5087D-059C-443C-AC0E-A3AC75DB7B78}"
EndProject
Project("{FAE04EC0-301F-11D3-BF4B-00C04F79EFBC}") = "TestProject1", "TestProject1\TestProject1.csproj", "{D1B9688A-C802-4E37-A80A-E5647528466E}"
EndProject
Global
	GlobalSection(SolutionConfigurationPlatforms) = preSolution
		Debug|Any CPU = Debug|Any CPU
		Release|Any CPU = Release|Any CPU
	EndGlobalSection
	GlobalSection(ProjectConfigurationPlatforms) = postSolution
		{21C5087D-059C-443C-AC0E-A3AC75DB7B78}.Debug|Any CPU.ActiveCfg = Debug|Any CPU
		{21C5087D-059C-443C-AC0E-A3AC75DB7B78}.Debug|Any CPU.Build.0 = Debug|Any CPU
		{21C5087D-059C-443C-AC0E-A3AC75DB7B78}.Release|Any CPU.ActiveCfg = Release|Any CPU
		{21C5087D-059C-443C-AC0E-A3AC75DB7B78}.Release|Any CPU.Build.0 = Release|Any CPU
		{D1B9688A-C802-4E37-A80A-E5647528466E}.Debug|Any CPU.ActiveCfg = Debug|Any CPU
		{D1B9688A-C802-4E37-A80A-E5647528466E}.Debug|Any CPU.Build.0 = Debug|Any CPU
		{D1B9688A-C802-4E37-A80A-E5647528466E}.Release|Any CPU.ActiveCfg = Release|Any CPU
		{D1B9688A-C802-4E37-A80A-E5647528466E}.Release|Any CPU.Build.0 = Release|Any CPU
	EndGlobalSection
	GlobalSection(SolutionProperties) = preSolution
		HideSolutionNode = FALSE
	EndGlobalSection
	GlobalSection(ExtensibilityGlobals) = postSolution
		SolutionGuid = {96D52362-F982-40C6-9813-64ADEE74D6DA}
	EndGlobalSection
EndGlobal
